{
    __meta__ = {
        version = "1.0"
    },
    ["windows|x64"] = {
        ["cmake#31fecfc4"] = {
            repo = {
                branch = "master",
                commit = "da016bf271a4a37cd9e89cf772b0d3d730767843",
                url = "https://gitlab.com/tboox/xmake-repo.git"
            },
            version = "4.0.2"
        },
        ["rsm-mmio#31fecfc4"] = {
            repo = {
                branch = "master",
                commit = "7f26b44c786d99f866a2901be0cd8c9498c599ad",
                url = "https://gitlab.com/tboox/xmake-repo.git"
            },
            version = "2.0.0"
        },
        ["spdlog#9c36f0a9"] = {
            repo = {
                branch = "master",
                commit = "7f26b44c786d99f866a2901be0cd8c9498c599ad",
                url = "https://gitlab.com/tboox/xmake-repo.git"
            },
            version = "v1.15.2"
        }
    }
}